// !$*UTF8*$!
{
	archiveVersion = 1;
	classes = {
	};
	objectVersion = 46;
	objects = {

/* Begin PBXBuildFile section */
		037715CA1CEA04C000E88505 /* BarGraphViewController.swift in Sources */ = {isa = PBXBuildFile; fileRef = 037715C91CEA04C000E88505 /* BarGraphViewController.swift */; };
		03926F561CE4676000878F78 /* AppDelegate.swift in Sources */ = {isa = PBXBuildFile; fileRef = 03926F551CE4676000878F78 /* AppDelegate.swift */; };
		03926F581CE4676000878F78 /* ViewController.swift in Sources */ = {isa = PBXBuildFile; fileRef = 03926F571CE4676000878F78 /* ViewController.swift */; };
		03926F5B1CE4676000878F78 /* Main.storyboard in Resources */ = {isa = PBXBuildFile; fileRef = 03926F591CE4676000878F78 /* Main.storyboard */; };
		03926F5D1CE4676000878F78 /* Assets.xcassets in Resources */ = {isa = PBXBuildFile; fileRef = 03926F5C1CE4676000878F78 /* Assets.xcassets */; };
		03926F601CE4676000878F78 /* LaunchScreen.storyboard in Resources */ = {isa = PBXBuildFile; fileRef = 03926F5E1CE4676000878F78 /* LaunchScreen.storyboard */; };
		03926F6B1CE4676100878F78 /* DiscussionTracker1Tests.swift in Sources */ = {isa = PBXBuildFile; fileRef = 03926F6A1CE4676100878F78 /* DiscussionTracker1Tests.swift */; };
		03926F761CE4676100878F78 /* DiscussionTracker1UITests.swift in Sources */ = {isa = PBXBuildFile; fileRef = 03926F751CE4676100878F78 /* DiscussionTracker1UITests.swift */; };
/* End PBXBuildFile section */

/* Begin PBXContainerItemProxy section */
		03926F671CE4676100878F78 /* PBXContainerItemProxy */ = {
			isa = PBXContainerItemProxy;
			containerPortal = 03926F4A1CE4676000878F78 /* Project object */;
			proxyType = 1;
			remoteGlobalIDString = 03926F511CE4676000878F78;
			remoteInfo = DiscussionTracker1;
		};
		03926F721CE4676100878F78 /* PBXContainerItemProxy */ = {
			isa = PBXContainerItemProxy;
			containerPortal = 03926F4A1CE4676000878F78 /* Project object */;
			proxyType = 1;
			remoteGlobalIDString = 03926F511CE4676000878F78;
			remoteInfo = DiscussionTracker1;
		};
/* End PBXContainerItemProxy section */

/* Begin PBXFileReference section */
		037715C91CEA04C000E88505 /* BarGraphViewController.swift */ = {isa = PBXFileReference; fileEncoding = 4; lastKnownFileType = sourcecode.swift; path = BarGraphViewController.swift; sourceTree = "<group>"; };
		03926F521CE4676000878F78 /* DiscussionTracker1.app */ = {isa = PBXFileReference; explicitFileType = wrapper.application; includeInIndex = 0; path = DiscussionTracker1.app; sourceTree = BUILT_PRODUCTS_DIR; };
		03926F551CE4676000878F78 /* AppDelegate.swift */ = {isa = PBXFileReference; lastKnownFileType = sourcecode.swift; path = AppDelegate.swift; sourceTree = "<group>"; };
		03926F571CE4676000878F78 /* ViewController.swift */ = {isa = PBXFileReference; lastKnownFileType = sourcecode.swift; path = ViewController.swift; sourceTree = "<group>"; };
		03926F5A1CE4676000878F78 /* Base */ = {isa = PBXFileReference; lastKnownFileType = file.storyboard; name = Base; path = Base.lproj/Main.storyboard; sourceTree = "<group>"; };
		03926F5C1CE4676000878F78 /* Assets.xcassets */ = {isa = PBXFileReference; lastKnownFileType = folder.assetcatalog; path = Assets.xcassets; sourceTree = "<group>"; };
		03926F5F1CE4676000878F78 /* Base */ = {isa = PBXFileReference; lastKnownFileType = file.storyboard; name = Base; path = Base.lproj/LaunchScreen.storyboard; sourceTree = "<group>"; };
		03926F611CE4676000878F78 /* Info.plist */ = {isa = PBXFileReference; lastKnownFileType = text.plist.xml; path = Info.plist; sourceTree = "<group>"; };
		03926F661CE4676100878F78 /* DiscussionTracker1Tests.xctest */ = {isa = PBXFileReference; explicitFileType = wrapper.cfbundle; includeInIndex = 0; path = DiscussionTracker1Tests.xctest; sourceTree = BUILT_PRODUCTS_DIR; };
		03926F6A1CE4676100878F78 /* DiscussionTracker1Tests.swift */ = {isa = PBXFileReference; lastKnownFileType = sourcecode.swift; path = DiscussionTracker1Tests.swift; sourceTree = "<group>"; };
		03926F6C1CE4676100878F78 /* Info.plist */ = {isa = PBXFileReference; lastKnownFileType = text.plist.xml; path = Info.plist; sourceTree = "<group>"; };
		03926F711CE4676100878F78 /* DiscussionTracker1UITests.xctest */ = {isa = PBXFileReference; explicitFileType = wrapper.cfbundle; includeInIndex = 0; path = DiscussionTracker1UITests.xctest; sourceTree = BUILT_PRODUCTS_DIR; };
		03926F751CE4676100878F78 /* DiscussionTracker1UITests.swift */ = {isa = PBXFileReference; lastKnownFileType = sourcecode.swift; path = DiscussionTracker1UITests.swift; sourceTree = "<group>"; };
		03926F771CE4676100878F78 /* Info.plist */ = {isa = PBXFileReference; lastKnownFileType = text.plist.xml; path = Info.plist; sourceTree = "<group>"; };
/* End PBXFileReference section */

/* Begin PBXFrameworksBuildPhase section */
		03926F4F1CE4676000878F78 /* Frameworks */ = {
			isa = PBXFrameworksBuildPhase;
			buildActionMask = 2147483647;
			files = (
			);
			runOnlyForDeploymentPostprocessing = 0;
		};
		03926F631CE4676100878F78 /* Frameworks */ = {
			isa = PBXFrameworksBuildPhase;
			buildActionMask = 2147483647;
			files = (
			);
			runOnlyForDeploymentPostprocessing = 0;
		};
		03926F6E1CE4676100878F78 /* Frameworks */ = {
			isa = PBXFrameworksBuildPhase;
			buildActionMask = 2147483647;
			files = (
			);
			runOnlyForDeploymentPostprocessing = 0;
		};
/* End PBXFrameworksBuildPhase section */

/* Begin PBXGroup section */
		03926F491CE4676000878F78 = {
			isa = PBXGroup;
			children = (
				03926F541CE4676000878F78 /* DiscussionTracker1 */,
				03926F691CE4676100878F78 /* DiscussionTracker1Tests */,
				03926F741CE4676100878F78 /* DiscussionTracker1UITests */,
				03926F531CE4676000878F78 /* Products */,
			);
			sourceTree = "<group>";
		};
		03926F531CE4676000878F78 /* Products */ = {
			isa = PBXGroup;
			children = (
				03926F521CE4676000878F78 /* DiscussionTracker1.app */,
				03926F661CE4676100878F78 /* DiscussionTracker1Tests.xctest */,
				03926F711CE4676100878F78 /* DiscussionTracker1UITests.xctest */,
			);
			name = Products;
			sourceTree = "<group>";
		};
		03926F541CE4676000878F78 /* DiscussionTracker1 */ = {
			isa = PBXGroup;
			children = (
				03926F551CE4676000878F78 /* AppDelegate.swift */,
				03926F571CE4676000878F78 /* ViewController.swift */,
				037715C91CEA04C000E88505 /* BarGraphViewController.swift */,
				03926F591CE4676000878F78 /* Main.storyboard */,
				03926F5C1CE4676000878F78 /* Assets.xcassets */,
				03926F5E1CE4676000878F78 /* LaunchScreen.storyboard */,
				03926F611CE4676000878F78 /* Info.plist */,
			);
			path = DiscussionTracker1;
			sourceTree = "<group>";
		};
		03926F691CE4676100878F78 /* DiscussionTracker1Tests */ = {
			isa = PBXGroup;
			children = (
				03926F6A1CE4676100878F78 /* DiscussionTracker1Tests.swift */,
				03926F6C1CE4676100878F78 /* Info.plist */,
			);
			path = DiscussionTracker1Tests;
			sourceTree = "<group>";
		};
		03926F741CE4676100878F78 /* DiscussionTracker1UITests */ = {
			isa = PBXGroup;
			children = (
				03926F751CE4676100878F78 /* DiscussionTracker1UITests.swift */,
				03926F771CE4676100878F78 /* Info.plist */,
			);
			path = DiscussionTracker1UITests;
			sourceTree = "<group>";
		};
/* End PBXGroup section */

/* Begin PBXNativeTarget section */
		03926F511CE4676000878F78 /* DiscussionTracker1 */ = {
			isa = PBXNativeTarget;
			buildConfigurationList = 03926F7A1CE4676100878F78 /* Build configuration list for PBXNativeTarget "DiscussionTracker1" */;
			buildPhases = (
				03926F4E1CE4676000878F78 /* Sources */,
				03926F4F1CE4676000878F78 /* Frameworks */,
				03926F501CE4676000878F78 /* Resources */,
			);
			buildRules = (
			);
			dependencies = (
			);
			name = DiscussionTracker1;
			productName = DiscussionTracker1;
			productReference = 03926F521CE4676000878F78 /* DiscussionTracker1.app */;
			productType = "com.apple.product-type.application";
		};
		03926F651CE4676100878F78 /* DiscussionTracker1Tests */ = {
			isa = PBXNativeTarget;
			buildConfigurationList = 03926F7D1CE4676100878F78 /* Build configuration list for PBXNativeTarget "DiscussionTracker1Tests" */;
			buildPhases = (
				03926F621CE4676100878F78 /* Sources */,
				03926F631CE4676100878F78 /* Frameworks */,
				03926F641CE4676100878F78 /* Resources */,
			);
			buildRules = (
			);
			dependencies = (
				03926F681CE4676100878F78 /* PBXTargetDependency */,
			);
			name = DiscussionTracker1Tests;
			productName = DiscussionTracker1Tests;
			productReference = 03926F661CE4676100878F78 /* DiscussionTracker1Tests.xctest */;
			productType = "com.apple.product-type.bundle.unit-test";
		};
		03926F701CE4676100878F78 /* DiscussionTracker1UITests */ = {
			isa = PBXNativeTarget;
			buildConfigurationList = 03926F801CE4676100878F78 /* Build configuration list for PBXNativeTarget "DiscussionTracker1UITests" */;
			buildPhases = (
				03926F6D1CE4676100878F78 /* Sources */,
				03926F6E1CE4676100878F78 /* Frameworks */,
				03926F6F1CE4676100878F78 /* Resources */,
			);
			buildRules = (
			);
			dependencies = (
				03926F731CE4676100878F78 /* PBXTargetDependency */,
			);
			name = DiscussionTracker1UITests;
			productName = DiscussionTracker1UITests;
			productReference = 03926F711CE4676100878F78 /* DiscussionTracker1UITests.xctest */;
			productType = "com.apple.product-type.bundle.ui-testing";
		};
/* End PBXNativeTarget section */

/* Begin PBXProject section */
		03926F4A1CE4676000878F78 /* Project object */ = {
			isa = PBXProject;
			attributes = {
				LastSwiftUpdateCheck = 0730;
				LastUpgradeCheck = 0730;
				ORGANIZATIONNAME = "Liam Gong";
				TargetAttributes = {
					03926F511CE4676000878F78 = {
						CreatedOnToolsVersion = 7.3.1;
						DevelopmentTeam = AHVWNZ68G2;
					};
					03926F651CE4676100878F78 = {
						CreatedOnToolsVersion = 7.3.1;
						DevelopmentTeam = AHVWNZ68G2;
						TestTargetID = 03926F511CE4676000878F78;
					};
					03926F701CE4676100878F78 = {
						CreatedOnToolsVersion = 7.3.1;
						DevelopmentTeam = AHVWNZ68G2;
						TestTargetID = 03926F511CE4676000878F78;
					};
				};
			};
			buildConfigurationList = 03926F4D1CE4676000878F78 /* Build configuration list for PBXProject "DiscussionTracker1" */;
			compatibilityVersion = "Xcode 3.2";
			developmentRegion = English;
			hasScannedForEncodings = 0;
			knownRegions = (
				en,
				Base,
			);
			mainGroup = 03926F491CE4676000878F78;
			productRefGroup = 03926F531CE4676000878F78 /* Products */;
			projectDirPath = "";
			projectRoot = "";
			targets = (
				03926F511CE4676000878F78 /* DiscussionTracker1 */,
				03926F651CE4676100878F78 /* DiscussionTracker1Tests */,
				03926F701CE4676100878F78 /* DiscussionTracker1UITests */,
			);
		};
/* End PBXProject section */

/* Begin PBXResourcesBuildPhase section */
		03926F501CE4676000878F78 /* Resources */ = {
			isa = PBXResourcesBuildPhase;
			buildActionMask = 2147483647;
			files = (
				03926F601CE4676000878F78 /* LaunchScreen.storyboard in Resources */,
				03926F5D1CE4676000878F78 /* Assets.xcassets in Resources */,
				03926F5B1CE4676000878F78 /* Main.storyboard in Resources */,
			);
			runOnlyForDeploymentPostprocessing = 0;
		};
		03926F641CE4676100878F78 /* Resources */ = {
			isa = PBXResourcesBuildPhase;
			buildActionMask = 2147483647;
			files = (
			);
			runOnlyForDeploymentPostprocessing = 0;
		};
		03926F6F1CE4676100878F78 /* Resources */ = {
			isa = PBXResourcesBuildPhase;
			buildActionMask = 2147483647;
			files = (
			);
			runOnlyForDeploymentPostprocessing = 0;
		};
/* End PBXResourcesBuildPhase section */

/* Begin PBXSourcesBuildPhase section */
		03926F4E1CE4676000878F78 /* Sources */ = {
			isa = PBXSourcesBuildPhase;
			buildActionMask = 2147483647;
			files = (
				03926F581CE4676000878F78 /* ViewController.swift in Sources */,
				03926F561CE4676000878F78 /* AppDelegate.swift in Sources */,
				037715CA1CEA04C000E88505 /* BarGraphViewController.swift in Sources */,
			);
			runOnlyForDeploymentPostprocessing = 0;
		};
		03926F621CE4676100878F78 /* Sources */ = {
			isa = PBXSourcesBuildPhase;
			buildActionMask = 2147483647;
			files = (
				03926F6B1CE4676100878F78 /* DiscussionTracker1Tests.swift in Sources */,
			);
			runOnlyForDeploymentPostprocessing = 0;
		};
		03926F6D1CE4676100878F78 /* Sources */ = {
			isa = PBXSourcesBuildPhase;
			buildActionMask = 2147483647;
			files = (
				03926F761CE4676100878F78 /* DiscussionTracker1UITests.swift in Sources */,
			);
			runOnlyForDeploymentPostprocessing = 0;
		};
/* End PBXSourcesBuildPhase section */

/* Begin PBXTargetDependency section */
		03926F681CE4676100878F78 /* PBXTargetDependency */ = {
			isa = PBXTargetDependency;
			target = 03926F511CE4676000878F78 /* DiscussionTracker1 */;
			targetProxy = 03926F671CE4676100878F78 /* PBXContainerItemProxy */;
		};
		03926F731CE4676100878F78 /* PBXTargetDependency */ = {
			isa = PBXTargetDependency;
			target = 03926F511CE4676000878F78 /* DiscussionTracker1 */;
			targetProxy = 03926F721CE4676100878F78 /* PBXContainerItemProxy */;
		};
/* End PBXTargetDependency section */

/* Begin PBXVariantGroup section */
		03926F591CE4676000878F78 /* Main.storyboard */ = {
			isa = PBXVariantGroup;
			children = (
				03926F5A1CE4676000878F78 /* Base */,
			);
			name = Main.storyboard;
			sourceTree = "<group>";
		};
		03926F5E1CE4676000878F78 /* LaunchScreen.storyboard */ = {
			isa = PBXVariantGroup;
			children = (
				03926F5F1CE4676000878F78 /* Base */,
			);
			name = LaunchScreen.storyboard;
			sourceTree = "<group>";
		};
/* End PBXVariantGroup section */

/* Begin XCBuildConfiguration section */
		03926F781CE4676100878F78 /* Debug */ = {
			isa = XCBuildConfiguration;
			buildSettings = {
				ALWAYS_SEARCH_USER_PATHS = NO;
				CLANG_ANALYZER_NONNULL = YES;
				CLANG_CXX_LANGUAGE_STANDARD = "gnu++0x";
				CLANG_CXX_LIBRARY = "libc++";
				CLANG_ENABLE_MODULES = YES;
				CLANG_ENABLE_OBJC_ARC = YES;
				CLANG_WARN_BOOL_CONVERSION = YES;
				CLANG_WARN_CONSTANT_CONVERSION = YES;
				CLANG_WARN_DIRECT_OBJC_ISA_USAGE = YES_ERROR;
				CLANG_WARN_EMPTY_BODY = YES;
				CLANG_WARN_ENUM_CONVERSION = YES;
				CLANG_WARN_INT_CONVERSION = YES;
				CLANG_WARN_OBJC_ROOT_CLASS = YES_ERROR;
				CLANG_WARN_UNREACHABLE_CODE = YES;
				CLANG_WARN__DUPLICATE_METHOD_MATCH = YES;
				"CODE_SIGN_IDENTITY[sdk=iphoneos*]" = "iPhone Developer";
				COPY_PHASE_STRIP = NO;
				DEBUG_INFORMATION_FORMAT = dwarf;
				ENABLE_STRICT_OBJC_MSGSEND = YES;
				ENABLE_TESTABILITY = YES;
				GCC_C_LANGUAGE_STANDARD = gnu99;
				GCC_DYNAMIC_NO_PIC = NO;
				GCC_NO_COMMON_BLOCKS = YES;
				GCC_OPTIMIZATION_LEVEL = 0;
				GCC_PREPROCESSOR_DEFINITIONS = (
					"DEBUG=1",
					"$(inherited)",
				);
				GCC_WARN_64_TO_32_BIT_CONVERSION = YES;
				GCC_WARN_ABOUT_RETURN_TYPE = YES_ERROR;
				GCC_WARN_UNDECLARED_SELECTOR = YES;
				GCC_WARN_UNINITIALIZED_AUTOS = YES_AGGRESSIVE;
				GCC_WARN_UNUSED_FUNCTION = YES;
				GCC_WARN_UNUSED_VARIABLE = YES;
				IPHONEOS_DEPLOYMENT_TARGET = 9.3;
				MTL_ENABLE_DEBUG_INFO = YES;
				ONLY_ACTIVE_ARCH = YES;
				SDKROOT = iphoneos;
				SWIFT_OPTIMIZATION_LEVEL = "-Onone";
				TARGETED_DEVICE_FAMILY = 2;
			};
			name = Debug;
		};
		03926F791CE4676100878F78 /* Release */ = {
			isa = XCBuildConfiguration;
			buildSettings = {
				ALWAYS_SEARCH_USER_PATHS = NO;
				CLANG_ANALYZER_NONNULL = YES;
				CLANG_CXX_LANGUAGE_STANDARD = "gnu++0x";
				CLANG_CXX_LIBRARY = "libc++";
				CLANG_ENABLE_MODULES = YES;
				CLANG_ENABLE_OBJC_ARC = YES;
				CLANG_WARN_BOOL_CONVERSION = YES;
				CLANG_WARN_CONSTANT_CONVERSION = YES;
				CLANG_WARN_DIRECT_OBJC_ISA_USAGE = YES_ERROR;
				CLANG_WARN_EMPTY_BODY = YES;
				CLANG_WARN_ENUM_CONVERSION = YES;
				CLANG_WARN_INT_CONVERSION = YES;
				CLANG_WARN_OBJC_ROOT_CLASS = YES_ERROR;
				CLANG_WARN_UNREACHABLE_CODE = YES;
				CLANG_WARN__DUPLICATE_METHOD_MATCH = YES;
				"CODE_SIGN_IDENTITY[sdk=iphoneos*]" = "iPhone Developer";
				COPY_PHASE_STRIP = NO;
				DEBUG_INFORMATION_FORMAT = "dwarf-with-dsym";
				ENABLE_NS_ASSERTIONS = NO;
				ENABLE_STRICT_OBJC_MSGSEND = YES;
				GCC_C_LANGUAGE_STANDARD = gnu99;
				GCC_NO_COMMON_BLOCKS = YES;
				GCC_WARN_64_TO_32_BIT_CONVERSION = YES;
				GCC_WARN_ABOUT_RETURN_TYPE = YES_ERROR;
				GCC_WARN_UNDECLARED_SELECTOR = YES;
				GCC_WARN_UNINITIALIZED_AUTOS = YES_AGGRESSIVE;
				GCC_WARN_UNUSED_FUNCTION = YES;
				GCC_WARN_UNUSED_VARIABLE = YES;
				IPHONEOS_DEPLOYMENT_TARGET = 9.3;
				MTL_ENABLE_DEBUG_INFO = NO;
				SDKROOT = iphoneos;
				TARGETED_DEVICE_FAMILY = 2;
				VALIDATE_PRODUCT = YES;
			};
			name = Release;
		};
		03926F7B1CE4676100878F78 /* Debug */ = {
			isa = XCBuildConfiguration;
			buildSettings = {
				ASSETCATALOG_COMPILER_APPICON_NAME = AppIcon;
				INFOPLIST_FILE = DiscussionTracker1/Info.plist;
				LD_RUNPATH_SEARCH_PATHS = "$(inherited) @executable_path/Frameworks";
				PRODUCT_BUNDLE_IDENTIFIER = com.mgong.DiscussionTracker1;
				PRODUCT_NAME = "$(TARGET_NAME)";
			};
			name = Debug;
		};
		03926F7C1CE4676100878F78 /* Release */ = {
			isa = XCBuildConfiguration;
			buildSettings = {
				ASSETCATALOG_COMPILER_APPICON_NAME = AppIcon;
				INFOPLIST_FILE = DiscussionTracker1/Info.plist;
				LD_RUNPATH_SEARCH_PATHS = "$(inherited) @executable_path/Frameworks";
				PRODUCT_BUNDLE_IDENTIFIER = com.mgong.DiscussionTracker1;
				PRODUCT_NAME = "$(TARGET_NAME)";
			};
			name = Release;
		};
		03926F7E1CE4676100878F78 /* Debug */ = {
			isa = XCBuildConfiguration;
			buildSettings = {
				BUNDLE_LOADER = "$(TEST_HOST)";
				INFOPLIST_FILE = DiscussionTracker1Tests/Info.plist;
				LD_RUNPATH_SEARCH_PATHS = "$(inherited) @executable_path/Frameworks @loader_path/Frameworks";
				PRODUCT_BUNDLE_IDENTIFIER = com.mgong.DiscussionTracker1Tests;
				PRODUCT_NAME = "$(TARGET_NAME)";
				TEST_HOST = "$(BUILT_PRODUCTS_DIR)/DiscussionTracker1.app/DiscussionTracker1";
			};
			name = Debug;
		};
		03926F7F1CE4676100878F78 /* Release */ = {
			isa = XCBuildConfiguration;
			buildSettings = {
				BUNDLE_LOADER = "$(TEST_HOST)";
				INFOPLIST_FILE = DiscussionTracker1Tests/Info.plist;
				LD_RUNPATH_SEARCH_PATHS = "$(inherited) @executable_path/Frameworks @loader_path/Frameworks";
				PRODUCT_BUNDLE_IDENTIFIER = com.mgong.DiscussionTracker1Tests;
				PRODUCT_NAME = "$(TARGET_NAME)";
				TEST_HOST = "$(BUILT_PRODUCTS_DIR)/DiscussionTracker1.app/DiscussionTracker1";
			};
			name = Release;
		};
		03926F811CE4676100878F78 /* Debug */ = {
			isa = XCBuildConfiguration;
			buildSettings = {
				INFOPLIST_FILE = DiscussionTracker1UITests/Info.plist;
				LD_RUNPATH_SEARCH_PATHS = "$(inherited) @executable_path/Frameworks @loader_path/Frameworks";
				PRODUCT_BUNDLE_IDENTIFIER = com.mgong.DiscussionTracker1UITests;
				PRODUCT_NAME = "$(TARGET_NAME)";
				TEST_TARGET_NAME = DiscussionTracker1;
			};
			name = Debug;
		};
		03926F821CE4676100878F78 /* Release */ = {
			isa = XCBuildConfiguration;
			buildSettings = {
				INFOPLIST_FILE = DiscussionTracker1UITests/Info.plist;
				LD_RUNPATH_SEARCH_PATHS = "$(inherited) @executable_path/Frameworks @loader_path/Frameworks";
				PRODUCT_BUNDLE_IDENTIFIER = com.mgong.DiscussionTracker1UITests;
				PRODUCT_NAME = "$(TARGET_NAME)";
				TEST_TARGET_NAME = DiscussionTracker1;
			};
			name = Release;
		};
/* End XCBuildConfiguration section */

/* Begin XCConfigurationList section */
		03926F4D1CE4676000878F78 /* Build configuration list for PBXProject "DiscussionTracker1" */ = {
			isa = XCConfigurationList;
			buildConfigurations = (
				03926F781CE4676100878F78 /* Debug */,
				03926F791CE4676100878F78 /* Release */,
			);
			defaultConfigurationIsVisible = 0;
			defaultConfigurationName = Release;
		};
		03926F7A1CE4676100878F78 /* Build configuration list for PBXNativeTarget "DiscussionTracker1" */ = {
			isa = XCConfigurationList;
			buildConfigurations = (
				03926F7B1CE4676100878F78 /* Debug */,
				03926F7C1CE4676100878F78 /* Release */,
			);
			defaultConfigurationIsVisible = 0;
			defaultConfigurationName = Release;
		};
		03926F7D1CE4676100878F78 /* Build configuration list for PBXNativeTarget "DiscussionTracker1Tests" */ = {
			isa = XCConfigurationList;
			buildConfigurations = (
				03926F7E1CE4676100878F78 /* Debug */,
				03926F7F1CE4676100878F78 /* Release */,
			);
			defaultConfigurationIsVisible = 0;
			defaultConfigurationName = Release;
		};
		03926F801CE4676100878F78 /* Build configuration list for PBXNativeTarget "DiscussionTracker1UITests" */ = {
			isa = XCConfigurationList;
			buildConfigurations = (
				03926F811CE4676100878F78 /* Debug */,
				03926F821CE4676100878F78 /* Release */,
			);
			defaultConfigurationIsVisible = 0;
			defaultConfigurationName = Release;
		};
/* End XCConfigurationList section */
	};
	rootObject = 03926F4A1CE4676000878F78 /* Project object */;
}
